
Microsoft Visual Studio Solution File, Format Version 12.00
# Visual Studio Version 17
VisualStudioVersion = 17.4.33110.190
MinimumVisualStudioVersion = 10.0.40219.1
Project("{FAE04EC0-301F-11D3-BF4B-00C04F79EFBC}") = "CanakkaleBlog", "CanakkaleBlog\CanakkaleBlog.csproj", "{E840E300-FE85-4DE6-939D-1ED4444C4623}"
EndProject
Global
	GlobalSection(SolutionConfigurationPlatforms) = preSolution
		Debug|Any CPU = Debug|Any CPU
		Release|Any CPU = Release|Any CPU
	EndGlobalSection
	GlobalSection(ProjectConfigurationPlatforms) = postSolution
		{E840E300-FE85-4DE6-939D-1ED4444C4623}.Debug|Any CPU.ActiveCfg = Debug|Any CPU
		{E840E300-FE85-4DE6-939D-1ED4444C4623}.Debug|Any CPU.Build.0 = Debug|Any CPU
		{E840E300-FE85-4DE6-939D-1ED4444C4623}.Release|Any CPU.ActiveCfg = Release|Any CPU
		{E840E300-FE85-4DE6-939D-1ED4444C4623}.Release|Any CPU.Build.0 = Release|Any CPU
	EndGlobalSection
	GlobalSection(SolutionProperties) = preSolution
		HideSolutionNode = FALSE
	EndGlobalSection
	GlobalSection(ExtensibilityGlobals) = postSolution
		SolutionGuid = {A0BA53CF-7354-424C-ACAF-2BEDF74F7B1C}
	EndGlobalSection
EndGlobal
